
Microsoft Visual Studio Solution File, Format Version 12.00
# Visual Studio Version 17
VisualStudioVersion = 17.4.33213.308
MinimumVisualStudioVersion = 10.0.40219.1
Project("{FAE04EC0-301F-11D3-BF4B-00C04F79EFBC}") = "ClientApp", "ClientApp\ClientApp.csproj", "{293E6A55-D415-4C92-863E-F48F2E6CBFB6}"
EndProject
Project("{FAE04EC0-301F-11D3-BF4B-00C04F79EFBC}") = "ServerApp", "ServerApp\ServerApp.csproj", "{788DD5E5-2427-4388-B411-00354726A7E3}"
EndProject
Global
	GlobalSection(SolutionConfigurationPlatforms) = preSolution
		Debug|Any CPU = Debug|Any CPU
		Release|Any CPU = Release|Any CPU
	EndGlobalSection
	GlobalSection(ProjectConfigurationPlatforms) = postSolution
		{293E6A55-D415-4C92-863E-F48F2E6CBFB6}.Debug|Any CPU.ActiveCfg = Debug|Any CPU
		{293E6A55-D415-4C92-863E-F48F2E6CBFB6}.Debug|Any CPU.Build.0 = Debug|Any CPU
		{293E6A55-D415-4C92-863E-F48F2E6CBFB6}.Release|Any CPU.ActiveCfg = Release|Any CPU
		{293E6A55-D415-4C92-863E-F48F2E6CBFB6}.Release|Any CPU.Build.0 = Release|Any CPU
		{788DD5E5-2427-4388-B411-00354726A7E3}.Debug|Any CPU.ActiveCfg = Debug|Any CPU
		{788DD5E5-2427-4388-B411-00354726A7E3}.Debug|Any CPU.Build.0 = Debug|Any CPU
		{788DD5E5-2427-4388-B411-00354726A7E3}.Release|Any CPU.ActiveCfg = Release|Any CPU
		{788DD5E5-2427-4388-B411-00354726A7E3}.Release|Any CPU.Build.0 = Release|Any CPU
	EndGlobalSection
	GlobalSection(SolutionProperties) = preSolution
		HideSolutionNode = FALSE
	EndGlobalSection
	GlobalSection(ExtensibilityGlobals) = postSolution
		SolutionGuid = {3728FBBB-57AC-4B78-BAFD-FE41A4FD660F}
	EndGlobalSection
EndGlobal
